// !$*UTF8*$!
{
	archiveVersion = 1;
	classes = {
	};
	objectVersion = 46;
	objects = {

/* Begin PBXBuildFile section */
		637FEBE92057ED2800CA1F89 /* ndi_runtime.h in Headers */ = {isa = PBXBuildFile; fileRef = 63A5930A2043A0FF00FF352E /* ndi_runtime.h */; };
		637FEBEC2057ED2800CA1F89 /* commonsyms.c in Sources */ = {isa = PBXBuildFile; fileRef = 63FE3732195078FA00B07A04 /* commonsyms.c */; };
		637FEBF02057ED2800CA1F89 /* MaxAudioAPI.framework in Frameworks */ = {isa = PBXBuildFile; fileRef = 63A5930F2043A2C100FF352E /* MaxAudioAPI.framework */; };
		637FEBF12057ED2800CA1F89 /* JitterAPI.framework in Frameworks */ = {isa = PBXBuildFile; fileRef = 63A5930D2043A2AB00FF352E /* JitterAPI.framework */; };
		637FEBF22057ED2800CA1F89 /* CoreMIDI.framework in Frameworks */ = {isa = PBXBuildFile; fileRef = 63F9988F1BA45389007129D3 /* CoreMIDI.framework */; };
		637FEBF32057ED2800CA1F89 /* CoreAudio.framework in Frameworks */ = {isa = PBXBuildFile; fileRef = 63F9988D1BA45382007129D3 /* CoreAudio.framework */; };
		637FEBF42057ED2800CA1F89 /* CoreFoundation.framework in Frameworks */ = {isa = PBXBuildFile; fileRef = 63C5511E19539B9A00D657B5 /* CoreFoundation.framework */; };
		637FEBFB2057ED4700CA1F89 /* jit.ndi.receive.c in Sources */ = {isa = PBXBuildFile; fileRef = 637FEBE42057ECF800CA1F89 /* jit.ndi.receive.c */; };
		637FEBFC2057ED4A00CA1F89 /* max.jit.ndi.receive~.c in Sources */ = {isa = PBXBuildFile; fileRef = 637FEBE32057ECF800CA1F89 /* max.jit.ndi.receive~.c */; };
		63A59303204068C300FF352E /* jit.ndi.send.c in Sources */ = {isa = PBXBuildFile; fileRef = 63A59302204068C300FF352E /* jit.ndi.send.c */; };
		63A59305204068C900FF352E /* max.jit.ndi.send~.c in Sources */ = {isa = PBXBuildFile; fileRef = 63A59304204068C900FF352E /* max.jit.ndi.send~.c */; };
		63A5930B2043A0FF00FF352E /* ndi_runtime.h in Headers */ = {isa = PBXBuildFile; fileRef = 63A5930A2043A0FF00FF352E /* ndi_runtime.h */; };
		63A5930E2043A2AB00FF352E /* JitterAPI.framework in Frameworks */ = {isa = PBXBuildFile; fileRef = 63A5930D2043A2AB00FF352E /* JitterAPI.framework */; };
		63A593102043A2C100FF352E /* MaxAudioAPI.framework in Frameworks */ = {isa = PBXBuildFile; fileRef = 63A5930F2043A2C100FF352E /* MaxAudioAPI.framework */; };
		63C5512319539BEE00D657B5 /* CoreFoundation.framework in Frameworks */ = {isa = PBXBuildFile; fileRef = 63C5511E19539B9A00D657B5 /* CoreFoundation.framework */; };
		63F9988E1BA45382007129D3 /* CoreAudio.framework in Frameworks */ = {isa = PBXBuildFile; fileRef = 63F9988D1BA45382007129D3 /* CoreAudio.framework */; };
		63F998901BA45389007129D3 /* CoreMIDI.framework in Frameworks */ = {isa = PBXBuildFile; fileRef = 63F9988F1BA45389007129D3 /* CoreMIDI.framework */; };
		63FE3733195078FA00B07A04 /* commonsyms.c in Sources */ = {isa = PBXBuildFile; fileRef = 63FE3732195078FA00B07A04 /* commonsyms.c */; };
/* End PBXBuildFile section */

/* Begin PBXFileReference section */
		2FBBEAE508F335360078DB84 /* jit.ndi.send~.mxo */ = {isa = PBXFileReference; explicitFileType = wrapper.cfbundle; includeInIndex = 0; path = "jit.ndi.send~.mxo"; sourceTree = BUILT_PRODUCTS_DIR; };
		637FEBE32057ECF800CA1F89 /* max.jit.ndi.receive~.c */ = {isa = PBXFileReference; fileEncoding = 4; lastKnownFileType = sourcecode.c.c; name = "max.jit.ndi.receive~.c"; path = "src/max.jit.ndi.receive~.c"; sourceTree = "<group>"; };
		637FEBE42057ECF800CA1F89 /* jit.ndi.receive.c */ = {isa = PBXFileReference; fileEncoding = 4; lastKnownFileType = sourcecode.c.c; name = jit.ndi.receive.c; path = src/jit.ndi.receive.c; sourceTree = "<group>"; };
		637FEBF92057ED2800CA1F89 /* jit.ndi.receive~.mxo */ = {isa = PBXFileReference; explicitFileType = wrapper.cfbundle; includeInIndex = 0; path = "jit.ndi.receive~.mxo"; sourceTree = BUILT_PRODUCTS_DIR; };
		63A59302204068C300FF352E /* jit.ndi.send.c */ = {isa = PBXFileReference; fileEncoding = 4; lastKnownFileType = sourcecode.c.c; name = jit.ndi.send.c; path = src/jit.ndi.send.c; sourceTree = "<group>"; };
		63A59304204068C900FF352E /* max.jit.ndi.send~.c */ = {isa = PBXFileReference; fileEncoding = 4; lastKnownFileType = sourcecode.c.c; name = "max.jit.ndi.send~.c"; path = "src/max.jit.ndi.send~.c"; sourceTree = "<group>"; };
		63A5930A2043A0FF00FF352E /* ndi_runtime.h */ = {isa = PBXFileReference; fileEncoding = 4; lastKnownFileType = sourcecode.c.h; name = ndi_runtime.h; path = src/ndi_runtime.h; sourceTree = "<group>"; };
		63A5930D2043A2AB00FF352E /* JitterAPI.framework */ = {isa = PBXFileReference; lastKnownFileType = wrapper.framework; name = JitterAPI.framework; path = "lib/max-sdk/source/c74support/jit-includes/JitterAPI.framework"; sourceTree = "<group>"; };
		63A5930F2043A2C100FF352E /* MaxAudioAPI.framework */ = {isa = PBXFileReference; lastKnownFileType = wrapper.framework; name = MaxAudioAPI.framework; path = "lib/max-sdk/source/c74support/msp-includes/MaxAudioAPI.framework"; sourceTree = "<group>"; };
		63C5511E19539B9A00D657B5 /* CoreFoundation.framework */ = {isa = PBXFileReference; lastKnownFileType = wrapper.framework; name = CoreFoundation.framework; path = System/Library/Frameworks/CoreFoundation.framework; sourceTree = SDKROOT; };
		63F9988D1BA45382007129D3 /* CoreAudio.framework */ = {isa = PBXFileReference; lastKnownFileType = wrapper.framework; name = CoreAudio.framework; path = System/Library/Frameworks/CoreAudio.framework; sourceTree = SDKROOT; };
		63F9988F1BA45389007129D3 /* CoreMIDI.framework */ = {isa = PBXFileReference; lastKnownFileType = wrapper.framework; name = CoreMIDI.framework; path = System/Library/Frameworks/CoreMIDI.framework; sourceTree = SDKROOT; };
		63FE36D6195073C400B07A04 /* maxmspsdk.xcconfig */ = {isa = PBXFileReference; lastKnownFileType = text.xcconfig; name = maxmspsdk.xcconfig; path = build/maxmspsdk.xcconfig; sourceTree = "<group>"; };
		63FE3732195078FA00B07A04 /* commonsyms.c */ = {isa = PBXFileReference; fileEncoding = 4; lastKnownFileType = sourcecode.c.c; name = commonsyms.c; path = "lib/max-sdk/source/c74support/max-includes/common/commonsyms.c"; sourceTree = "<group>"; };
/* End PBXFileReference section */

/* Begin PBXFrameworksBuildPhase section */
		2FBBEADC08F335360078DB84 /* Frameworks */ = {
			isa = PBXFrameworksBuildPhase;
			buildActionMask = 2147483647;
			files = (
				63A593102043A2C100FF352E /* MaxAudioAPI.framework in Frameworks */,
				63A5930E2043A2AB00FF352E /* JitterAPI.framework in Frameworks */,
				63F998901BA45389007129D3 /* CoreMIDI.framework in Frameworks */,
				63F9988E1BA45382007129D3 /* CoreAudio.framework in Frameworks */,
				63C5512319539BEE00D657B5 /* CoreFoundation.framework in Frameworks */,
			);
			runOnlyForDeploymentPostprocessing = 0;
		};
		637FEBEF2057ED2800CA1F89 /* Frameworks */ = {
			isa = PBXFrameworksBuildPhase;
			buildActionMask = 2147483647;
			files = (
				637FEBF02057ED2800CA1F89 /* MaxAudioAPI.framework in Frameworks */,
				637FEBF12057ED2800CA1F89 /* JitterAPI.framework in Frameworks */,
				637FEBF22057ED2800CA1F89 /* CoreMIDI.framework in Frameworks */,
				637FEBF32057ED2800CA1F89 /* CoreAudio.framework in Frameworks */,
				637FEBF42057ED2800CA1F89 /* CoreFoundation.framework in Frameworks */,
			);
			runOnlyForDeploymentPostprocessing = 0;
		};
/* End PBXFrameworksBuildPhase section */

/* Begin PBXGroup section */
		089C166AFE841209C02AAC07 /* iterator */ = {
			isa = PBXGroup;
			children = (
				63FE36D6195073C400B07A04 /* maxmspsdk.xcconfig */,
				63FE370D1950748600B07A04 /* Max Objects */,
				63FE3731195078E200B07A04 /* Max SDK */,
				63C5512219539BD300D657B5 /* Libraries */,
				19C28FB4FE9D528D11CA2CBB /* Products */,
				63A5930C2043A2AA00FF352E /* Frameworks */,
			);
			name = iterator;
			sourceTree = "<group>";
		};
		19C28FB4FE9D528D11CA2CBB /* Products */ = {
			isa = PBXGroup;
			children = (
				2FBBEAE508F335360078DB84 /* jit.ndi.send~.mxo */,
				637FEBF92057ED2800CA1F89 /* jit.ndi.receive~.mxo */,
			);
			name = Products;
			sourceTree = "<group>";
		};
		63A5930C2043A2AA00FF352E /* Frameworks */ = {
			isa = PBXGroup;
			children = (
				63A5930F2043A2C100FF352E /* MaxAudioAPI.framework */,
				63A5930D2043A2AB00FF352E /* JitterAPI.framework */,
			);
			name = Frameworks;
			sourceTree = "<group>";
		};
		63C5512219539BD300D657B5 /* Libraries */ = {
			isa = PBXGroup;
			children = (
				63F9988F1BA45389007129D3 /* CoreMIDI.framework */,
				63F9988D1BA45382007129D3 /* CoreAudio.framework */,
				63C5511E19539B9A00D657B5 /* CoreFoundation.framework */,
			);
			name = Libraries;
			sourceTree = "<group>";
		};
		63FE370D1950748600B07A04 /* Max Objects */ = {
			isa = PBXGroup;
			children = (
				637FEBE42057ECF800CA1F89 /* jit.ndi.receive.c */,
				637FEBE32057ECF800CA1F89 /* max.jit.ndi.receive~.c */,
				63A5930A2043A0FF00FF352E /* ndi_runtime.h */,
				63A59304204068C900FF352E /* max.jit.ndi.send~.c */,
				63A59302204068C300FF352E /* jit.ndi.send.c */,
			);
			name = "Max Objects";
			sourceTree = "<group>";
		};
		63FE3731195078E200B07A04 /* Max SDK */ = {
			isa = PBXGroup;
			children = (
				63FE3732195078FA00B07A04 /* commonsyms.c */,
			);
			name = "Max SDK";
			sourceTree = "<group>";
		};
/* End PBXGroup section */

/* Begin PBXHeadersBuildPhase section */
		2FBBEAD708F335360078DB84 /* Headers */ = {
			isa = PBXHeadersBuildPhase;
			buildActionMask = 2147483647;
			files = (
				63A5930B2043A0FF00FF352E /* ndi_runtime.h in Headers */,
			);
			runOnlyForDeploymentPostprocessing = 0;
		};
		637FEBE82057ED2800CA1F89 /* Headers */ = {
			isa = PBXHeadersBuildPhase;
			buildActionMask = 2147483647;
			files = (
				637FEBE92057ED2800CA1F89 /* ndi_runtime.h in Headers */,
			);
			runOnlyForDeploymentPostprocessing = 0;
		};
/* End PBXHeadersBuildPhase section */

/* Begin PBXNativeTarget section */
		2FBBEAD608F335360078DB84 /* jit.ndi.send~ */ = {
			isa = PBXNativeTarget;
			buildConfigurationList = 2FBBEAE008F335360078DB84 /* Build configuration list for PBXNativeTarget "jit.ndi.send~" */;
			buildPhases = (
				2FBBEAD708F335360078DB84 /* Headers */,
				2FBBEAD808F335360078DB84 /* Resources */,
				2FBBEADA08F335360078DB84 /* Sources */,
				2FBBEADC08F335360078DB84 /* Frameworks */,
				2FBBEADF08F335360078DB84 /* Rez */,
			);
			buildRules = (
			);
			dependencies = (
			);
			name = "jit.ndi.send~";
			productName = iterator;
			productReference = 2FBBEAE508F335360078DB84 /* jit.ndi.send~.mxo */;
			productType = "com.apple.product-type.bundle";
		};
		637FEBE72057ED2800CA1F89 /* jit.ndi.receive~ */ = {
			isa = PBXNativeTarget;
			buildConfigurationList = 637FEBF62057ED2800CA1F89 /* Build configuration list for PBXNativeTarget "jit.ndi.receive~" */;
			buildPhases = (
				637FEBE82057ED2800CA1F89 /* Headers */,
				637FEBEA2057ED2800CA1F89 /* Resources */,
				637FEBEB2057ED2800CA1F89 /* Sources */,
				637FEBEF2057ED2800CA1F89 /* Frameworks */,
				637FEBF52057ED2800CA1F89 /* Rez */,
			);
			buildRules = (
			);
			dependencies = (
			);
			name = "jit.ndi.receive~";
			productName = iterator;
			productReference = 637FEBF92057ED2800CA1F89 /* jit.ndi.receive~.mxo */;
			productType = "com.apple.product-type.bundle";
		};
/* End PBXNativeTarget section */

/* Begin PBXProject section */
		089C1669FE841209C02AAC07 /* Project object */ = {
			isa = PBXProject;
			attributes = {
				LastUpgradeCheck = 0920;
			};
			buildConfigurationList = 2FBBEACF08F335010078DB84 /* Build configuration list for PBXProject "jit.ndi" */;
			compatibilityVersion = "Xcode 3.2";
			developmentRegion = English;
			hasScannedForEncodings = 1;
			knownRegions = (
				en,
			);
			mainGroup = 089C166AFE841209C02AAC07 /* iterator */;
			projectDirPath = "";
			projectRoot = "";
			targets = (
				2FBBEAD608F335360078DB84 /* jit.ndi.send~ */,
				637FEBE72057ED2800CA1F89 /* jit.ndi.receive~ */,
			);
		};
/* End PBXProject section */

/* Begin PBXResourcesBuildPhase section */
		2FBBEAD808F335360078DB84 /* Resources */ = {
			isa = PBXResourcesBuildPhase;
			buildActionMask = 2147483647;
			files = (
			);
			runOnlyForDeploymentPostprocessing = 0;
		};
		637FEBEA2057ED2800CA1F89 /* Resources */ = {
			isa = PBXResourcesBuildPhase;
			buildActionMask = 2147483647;
			files = (
			);
			runOnlyForDeploymentPostprocessing = 0;
		};
/* End PBXResourcesBuildPhase section */

/* Begin PBXRezBuildPhase section */
		2FBBEADF08F335360078DB84 /* Rez */ = {
			isa = PBXRezBuildPhase;
			buildActionMask = 2147483647;
			files = (
			);
			runOnlyForDeploymentPostprocessing = 0;
		};
		637FEBF52057ED2800CA1F89 /* Rez */ = {
			isa = PBXRezBuildPhase;
			buildActionMask = 2147483647;
			files = (
			);
			runOnlyForDeploymentPostprocessing = 0;
		};
/* End PBXRezBuildPhase section */

/* Begin PBXSourcesBuildPhase section */
		2FBBEADA08F335360078DB84 /* Sources */ = {
			isa = PBXSourcesBuildPhase;
			buildActionMask = 2147483647;
			files = (
				63FE3733195078FA00B07A04 /* commonsyms.c in Sources */,
				63A59305204068C900FF352E /* max.jit.ndi.send~.c in Sources */,
				63A59303204068C300FF352E /* jit.ndi.send.c in Sources */,
			);
			runOnlyForDeploymentPostprocessing = 0;
		};
		637FEBEB2057ED2800CA1F89 /* Sources */ = {
			isa = PBXSourcesBuildPhase;
			buildActionMask = 2147483647;
			files = (
				637FEBEC2057ED2800CA1F89 /* commonsyms.c in Sources */,
				637FEBFC2057ED4A00CA1F89 /* max.jit.ndi.receive~.c in Sources */,
				637FEBFB2057ED4700CA1F89 /* jit.ndi.receive.c in Sources */,
			);
			runOnlyForDeploymentPostprocessing = 0;
		};
/* End PBXSourcesBuildPhase section */

/* Begin XCBuildConfiguration section */
		2FBBEAD008F335010078DB84 /* Development */ = {
			isa = XCBuildConfiguration;
			buildSettings = {
				MACOSX_DEPLOYMENT_TARGET = 10.7;
			};
			name = Development;
		};
		2FBBEAD108F335010078DB84 /* Deployment */ = {
			isa = XCBuildConfiguration;
			buildSettings = {
				MACOSX_DEPLOYMENT_TARGET = 10.7;
			};
			name = Deployment;
		};
		2FBBEAE108F335360078DB84 /* Development */ = {
			isa = XCBuildConfiguration;
			baseConfigurationReference = 63FE36D6195073C400B07A04 /* maxmspsdk.xcconfig */;
			buildSettings = {
				COMBINE_HIDPI_IMAGES = YES;
				COPY_PHASE_STRIP = NO;
				GCC_OPTIMIZATION_LEVEL = 0;
				GCC_PREPROCESSOR_DEFINITIONS = (
					"\"DENORM_WANT_FIX = 1\"",
					"\"NO_TRANSLATION_SUPPORT = 1\"",
					__MACOSX_CORE__,
				);
				GCC_SYMBOLS_PRIVATE_EXTERN = YES;
				PRODUCT_NAME = "$(TARGET_NAME)";
			};
			name = Development;
		};
		2FBBEAE208F335360078DB84 /* Deployment */ = {
			isa = XCBuildConfiguration;
			baseConfigurationReference = 63FE36D6195073C400B07A04 /* maxmspsdk.xcconfig */;
			buildSettings = {
				COMBINE_HIDPI_IMAGES = YES;
				COPY_PHASE_STRIP = YES;
				GCC_PREPROCESSOR_DEFINITIONS = (
					"\"DENORM_WANT_FIX = 1\"",
					"\"NO_TRANSLATION_SUPPORT = 1\"",
					__MACOSX_CORE__,
				);
				GCC_SYMBOLS_PRIVATE_EXTERN = YES;
				PRODUCT_NAME = "$(TARGET_NAME)";
			};
			name = Deployment;
		};
		637FEBF72057ED2800CA1F89 /* Development */ = {
			isa = XCBuildConfiguration;
			baseConfigurationReference = 63FE36D6195073C400B07A04 /* maxmspsdk.xcconfig */;
			buildSettings = {
				COMBINE_HIDPI_IMAGES = YES;
				COPY_PHASE_STRIP = NO;
				GCC_OPTIMIZATION_LEVEL = 0;
				GCC_PREPROCESSOR_DEFINITIONS = (
					"\"DENORM_WANT_FIX = 1\"",
					"\"NO_TRANSLATION_SUPPORT = 1\"",
					__MACOSX_CORE__,
				);
				GCC_SYMBOLS_PRIVATE_EXTERN = YES;
				PRODUCT_NAME = "$(TARGET_NAME)";
			};
			name = Development;
		};
		637FEBF82057ED2800CA1F89 /* Deployment */ = {
			isa = XCBuildConfiguration;
			baseConfigurationReference = 63FE36D6195073C400B07A04 /* maxmspsdk.xcconfig */;
			buildSettings = {
				COMBINE_HIDPI_IMAGES = YES;
				COPY_PHASE_STRIP = YES;
				GCC_PREPROCESSOR_DEFINITIONS = (
					"\"DENORM_WANT_FIX = 1\"",
					"\"NO_TRANSLATION_SUPPORT = 1\"",
					__MACOSX_CORE__,
				);
				GCC_SYMBOLS_PRIVATE_EXTERN = YES;
				PRODUCT_NAME = "$(TARGET_NAME)";
			};
			name = Deployment;
		};
/* End XCBuildConfiguration section */

/* Begin XCConfigurationList section */
		2FBBEACF08F335010078DB84 /* Build configuration list for PBXProject "jit.ndi" */ = {
			isa = XCConfigurationList;
			buildConfigurations = (
				2FBBEAD008F335010078DB84 /* Development */,
				2FBBEAD108F335010078DB84 /* Deployment */,
			);
			defaultConfigurationIsVisible = 0;
			defaultConfigurationName = Development;
		};
		2FBBEAE008F335360078DB84 /* Build configuration list for PBXNativeTarget "jit.ndi.send~" */ = {
			isa = XCConfigurationList;
			buildConfigurations = (
				2FBBEAE108F335360078DB84 /* Development */,
				2FBBEAE208F335360078DB84 /* Deployment */,
			);
			defaultConfigurationIsVisible = 0;
			defaultConfigurationName = Development;
		};
		637FEBF62057ED2800CA1F89 /* Build configuration list for PBXNativeTarget "jit.ndi.receive~" */ = {
			isa = XCConfigurationList;
			buildConfigurations = (
				637FEBF72057ED2800CA1F89 /* Development */,
				637FEBF82057ED2800CA1F89 /* Deployment */,
			);
			defaultConfigurationIsVisible = 0;
			defaultConfigurationName = Development;
		};
/* End XCConfigurationList section */
	};
	rootObject = 089C1669FE841209C02AAC07 /* Project object */;
}
